{
  "originHash" : "1a237edb3644b1371e2207c0e213a5e1fa9f2f307f19d4a0e2c314ed286715ba",
  "pins" : [
    {
      "identity" : "ztaiservices",
      "kind" : "remoteSourceControl",
      "location" : "https://github.com/vishalrana-zt/ZTAIServices.git",
      "state" : {
        "branch" : "spm-package",
        "revision" : "71be0f214769fd73eafb5bfa9e7b66e0dd4183d3"
      }
    }
  ],
  "version" : 3
}
